// !$*UTF8*$!
{
	archiveVersion = 1;
	classes = {
	};
	objectVersion = 56;
	objects = {

/* Begin PBXBuildFile section */
		B6297F0F2B13FA2A009B4D4B /* OnboardingViewController.swift in Sources */ = {isa = PBXBuildFile; fileRef = B6297F0E2B13FA2A009B4D4B /* OnboardingViewController.swift */; };
		B632A2EC2B4E1AE40001FFA2 /* Decimal+Utils.swift in Sources */ = {isa = PBXBuildFile; fileRef = B632A2EB2B4E1AE40001FFA2 /* Decimal+Utils.swift */; };
		B632A2EE2B4E1BCE0001FFA2 /* CurrencyFormatter.swift in Sources */ = {isa = PBXBuildFile; fileRef = B632A2ED2B4E1BCE0001FFA2 /* CurrencyFormatter.swift */; };
		B64D39672B27F2AC0016586A /* AccountSummaryViewController.swift in Sources */ = {isa = PBXBuildFile; fileRef = B64D39662B27F2AC0016586A /* AccountSummaryViewController.swift */; };
		B64D39692B27F65E0016586A /* AccountSummaryHeaderView.swift in Sources */ = {isa = PBXBuildFile; fileRef = B64D39682B27F65E0016586A /* AccountSummaryHeaderView.swift */; };
		B64D396B2B27F6A60016586A /* AccountSummaryHeaderView.xib in Resources */ = {isa = PBXBuildFile; fileRef = B64D396A2B27F6A60016586A /* AccountSummaryHeaderView.xib */; };
		B6747A432B056F7F00A77489 /* AppDelegate.swift in Sources */ = {isa = PBXBuildFile; fileRef = B6747A422B056F7F00A77489 /* AppDelegate.swift */; };
		B6747A472B056F7F00A77489 /* LoginViewController.swift in Sources */ = {isa = PBXBuildFile; fileRef = B6747A462B056F7F00A77489 /* LoginViewController.swift */; };
		B6747A4C2B056F8100A77489 /* Assets.xcassets in Resources */ = {isa = PBXBuildFile; fileRef = B6747A4B2B056F8100A77489 /* Assets.xcassets */; };
		B6747A4F2B056F8100A77489 /* LaunchScreen.storyboard in Resources */ = {isa = PBXBuildFile; fileRef = B6747A4D2B056F8100A77489 /* LaunchScreen.storyboard */; };
		B675D6B52B5F4AC400846571 /* ShakeBellView.swift in Sources */ = {isa = PBXBuildFile; fileRef = B675D6B42B5F4AC400846571 /* ShakeBellView.swift */; };
		B6A9D2F92B1EAA4B0037A5DE /* DummyViewController.swift in Sources */ = {isa = PBXBuildFile; fileRef = B6A9D2F82B1EAA4B0037A5DE /* DummyViewController.swift */; };
		B6AF9F782B560EDF008CCE91 /* NSNotificationName.swift in Sources */ = {isa = PBXBuildFile; fileRef = B6AF9F772B560EDF008CCE91 /* NSNotificationName.swift */; };
		B6AF9F7A2B561104008CCE91 /* UITextField+SecureToogle.swift in Sources */ = {isa = PBXBuildFile; fileRef = B6AF9F792B561104008CCE91 /* UITextField+SecureToogle.swift */; };
		B6B7FCD92B06E8AF00FC057E /* LoginView.swift in Sources */ = {isa = PBXBuildFile; fileRef = B6B7FCD82B06E8AF00FC057E /* LoginView.swift */; };
		B6BD24DB2B1199EA000179E2 /* OnboardingContainerViewController.swift in Sources */ = {isa = PBXBuildFile; fileRef = B6BD24DA2B1199EA000179E2 /* OnboardingContainerViewController.swift */; };
		B6BE41FC2B294560004297F1 /* AccountSummaryCell.swift in Sources */ = {isa = PBXBuildFile; fileRef = B6BE41FB2B294560004297F1 /* AccountSummaryCell.swift */; };
		B6C52CA72B215BD30039A0CF /* LocalState.swift in Sources */ = {isa = PBXBuildFile; fileRef = B6C52CA62B215BD30039A0CF /* LocalState.swift */; };
		B6C52CA92B2164AE0039A0CF /* UIViewController+Utils.swift in Sources */ = {isa = PBXBuildFile; fileRef = B6C52CA82B2164AE0039A0CF /* UIViewController+Utils.swift */; };
		B6C52CAB2B21664B0039A0CF /* MainViewController.swift in Sources */ = {isa = PBXBuildFile; fileRef = B6C52CAA2B21664B0039A0CF /* MainViewController.swift */; };
		B6D6A4A72B4F742D001B065C /* CurrencyFormatterTest.swift in Sources */ = {isa = PBXBuildFile; fileRef = B6D6A4A62B4F742D001B065C /* CurrencyFormatterTest.swift */; };
/* End PBXBuildFile section */

/* Begin PBXContainerItemProxy section */
		B6D6A4A12B4F733D001B065C /* PBXContainerItemProxy */ = {
			isa = PBXContainerItemProxy;
			containerPortal = B6747A372B056F7F00A77489 /* Project object */;
			proxyType = 1;
			remoteGlobalIDString = B6747A3E2B056F7F00A77489;
			remoteInfo = Bankey;
		};
/* End PBXContainerItemProxy section */

/* Begin PBXFileReference section */
		B6297F0E2B13FA2A009B4D4B /* OnboardingViewController.swift */ = {isa = PBXFileReference; lastKnownFileType = sourcecode.swift; path = OnboardingViewController.swift; sourceTree = "<group>"; };
		B632A2EB2B4E1AE40001FFA2 /* Decimal+Utils.swift */ = {isa = PBXFileReference; lastKnownFileType = sourcecode.swift; path = "Decimal+Utils.swift"; sourceTree = "<group>"; };
		B632A2ED2B4E1BCE0001FFA2 /* CurrencyFormatter.swift */ = {isa = PBXFileReference; lastKnownFileType = sourcecode.swift; path = CurrencyFormatter.swift; sourceTree = "<group>"; };
		B64D39662B27F2AC0016586A /* AccountSummaryViewController.swift */ = {isa = PBXFileReference; lastKnownFileType = sourcecode.swift; path = AccountSummaryViewController.swift; sourceTree = "<group>"; };
		B64D39682B27F65E0016586A /* AccountSummaryHeaderView.swift */ = {isa = PBXFileReference; lastKnownFileType = sourcecode.swift; path = AccountSummaryHeaderView.swift; sourceTree = "<group>"; };
		B64D396A2B27F6A60016586A /* AccountSummaryHeaderView.xib */ = {isa = PBXFileReference; lastKnownFileType = file.xib; path = AccountSummaryHeaderView.xib; sourceTree = "<group>"; };
		B6747A3F2B056F7F00A77489 /* Bankey.app */ = {isa = PBXFileReference; explicitFileType = wrapper.application; includeInIndex = 0; path = Bankey.app; sourceTree = BUILT_PRODUCTS_DIR; };
		B6747A422B056F7F00A77489 /* AppDelegate.swift */ = {isa = PBXFileReference; lastKnownFileType = sourcecode.swift; path = AppDelegate.swift; sourceTree = "<group>"; };
		B6747A462B056F7F00A77489 /* LoginViewController.swift */ = {isa = PBXFileReference; lastKnownFileType = sourcecode.swift; path = LoginViewController.swift; sourceTree = "<group>"; };
		B6747A4B2B056F8100A77489 /* Assets.xcassets */ = {isa = PBXFileReference; lastKnownFileType = folder.assetcatalog; path = Assets.xcassets; sourceTree = "<group>"; };
		B6747A4E2B056F8100A77489 /* Base */ = {isa = PBXFileReference; lastKnownFileType = file.storyboard; name = Base; path = Base.lproj/LaunchScreen.storyboard; sourceTree = "<group>"; };
		B6747A502B056F8100A77489 /* Info.plist */ = {isa = PBXFileReference; lastKnownFileType = text.plist.xml; path = Info.plist; sourceTree = "<group>"; };
		B675D6B42B5F4AC400846571 /* ShakeBellView.swift */ = {isa = PBXFileReference; lastKnownFileType = sourcecode.swift; path = ShakeBellView.swift; sourceTree = "<group>"; };
		B6A9D2F82B1EAA4B0037A5DE /* DummyViewController.swift */ = {isa = PBXFileReference; lastKnownFileType = sourcecode.swift; path = DummyViewController.swift; sourceTree = "<group>"; };
		B6AF9F772B560EDF008CCE91 /* NSNotificationName.swift */ = {isa = PBXFileReference; lastKnownFileType = sourcecode.swift; path = NSNotificationName.swift; sourceTree = "<group>"; };
		B6AF9F792B561104008CCE91 /* UITextField+SecureToogle.swift */ = {isa = PBXFileReference; lastKnownFileType = sourcecode.swift; path = "UITextField+SecureToogle.swift"; sourceTree = "<group>"; };
		B6B7FCD82B06E8AF00FC057E /* LoginView.swift */ = {isa = PBXFileReference; lastKnownFileType = sourcecode.swift; path = LoginView.swift; sourceTree = "<group>"; };
		B6BD24DA2B1199EA000179E2 /* OnboardingContainerViewController.swift */ = {isa = PBXFileReference; lastKnownFileType = sourcecode.swift; path = OnboardingContainerViewController.swift; sourceTree = "<group>"; };
		B6BE41FB2B294560004297F1 /* AccountSummaryCell.swift */ = {isa = PBXFileReference; lastKnownFileType = sourcecode.swift; path = AccountSummaryCell.swift; sourceTree = "<group>"; };
		B6C52CA62B215BD30039A0CF /* LocalState.swift */ = {isa = PBXFileReference; lastKnownFileType = sourcecode.swift; path = LocalState.swift; sourceTree = "<group>"; };
		B6C52CA82B2164AE0039A0CF /* UIViewController+Utils.swift */ = {isa = PBXFileReference; lastKnownFileType = sourcecode.swift; path = "UIViewController+Utils.swift"; sourceTree = "<group>"; };
		B6C52CAA2B21664B0039A0CF /* MainViewController.swift */ = {isa = PBXFileReference; lastKnownFileType = sourcecode.swift; path = MainViewController.swift; sourceTree = "<group>"; };
		B6D6A49D2B4F733D001B065C /* BankeyUnitTests.xctest */ = {isa = PBXFileReference; explicitFileType = wrapper.cfbundle; includeInIndex = 0; path = BankeyUnitTests.xctest; sourceTree = BUILT_PRODUCTS_DIR; };
		B6D6A4A62B4F742D001B065C /* CurrencyFormatterTest.swift */ = {isa = PBXFileReference; lastKnownFileType = sourcecode.swift; path = CurrencyFormatterTest.swift; sourceTree = "<group>"; };
/* End PBXFileReference section */

/* Begin PBXFrameworksBuildPhase section */
		B6747A3C2B056F7F00A77489 /* Frameworks */ = {
			isa = PBXFrameworksBuildPhase;
			buildActionMask = 2147483647;
			files = (
			);
			runOnlyForDeploymentPostprocessing = 0;
		};
		B6D6A49A2B4F733D001B065C /* Frameworks */ = {
			isa = PBXFrameworksBuildPhase;
			buildActionMask = 2147483647;
			files = (
			);
			runOnlyForDeploymentPostprocessing = 0;
		};
/* End PBXFrameworksBuildPhase section */

/* Begin PBXGroup section */
		B64D39652B27F26D0016586A /* AccountSummary */ = {
			isa = PBXGroup;
			children = (
				B64D39662B27F2AC0016586A /* AccountSummaryViewController.swift */,
				B6BE41FA2B294534004297F1 /* Cells */,
				B6BE41F92B29451D004297F1 /* Header */,
			);
			path = AccountSummary;
			sourceTree = "<group>";
		};
		B6747A362B056F7F00A77489 = {
			isa = PBXGroup;
			children = (
				B6747A412B056F7F00A77489 /* Bankey */,
				B6D6A49E2B4F733D001B065C /* BankeyUnitTests */,
				B6747A402B056F7F00A77489 /* Products */,
			);
			sourceTree = "<group>";
		};
		B6747A402B056F7F00A77489 /* Products */ = {
			isa = PBXGroup;
			children = (
				B6747A3F2B056F7F00A77489 /* Bankey.app */,
				B6D6A49D2B4F733D001B065C /* BankeyUnitTests.xctest */,
			);
			name = Products;
			sourceTree = "<group>";
		};
		B6747A412B056F7F00A77489 /* Bankey */ = {
			isa = PBXGroup;
			children = (
				B6747A422B056F7F00A77489 /* AppDelegate.swift */,
				B6C52CAA2B21664B0039A0CF /* MainViewController.swift */,
				B6B7FCD72B06E86500FC057E /* Login */,
				B6BD24D92B1199AE000179E2 /* Onboarding */,
				B64D39652B27F26D0016586A /* AccountSummary */,
				B6C52CA52B215BC30039A0CF /* Utils */,
				B675D6B32B5F4A9F00846571 /* Components */,
				B6B7FCD62B06E81000FC057E /* Files */,
			);
			path = Bankey;
			sourceTree = "<group>";
		};
		B675D6B32B5F4A9F00846571 /* Components */ = {
			isa = PBXGroup;
			children = (
				B675D6B42B5F4AC400846571 /* ShakeBellView.swift */,
			);
			path = Components;
			sourceTree = "<group>";
		};
		B6B7FCD62B06E81000FC057E /* Files */ = {
			isa = PBXGroup;
			children = (
				B6747A4B2B056F8100A77489 /* Assets.xcassets */,
				B6747A4D2B056F8100A77489 /* LaunchScreen.storyboard */,
				B6747A502B056F8100A77489 /* Info.plist */,
			);
			name = Files;
			sourceTree = "<group>";
		};
		B6B7FCD72B06E86500FC057E /* Login */ = {
			isa = PBXGroup;
			children = (
				B6747A462B056F7F00A77489 /* LoginViewController.swift */,
				B6B7FCD82B06E8AF00FC057E /* LoginView.swift */,
				B6A9D2F82B1EAA4B0037A5DE /* DummyViewController.swift */,
			);
			path = Login;
			sourceTree = "<group>";
		};
		B6BD24D92B1199AE000179E2 /* Onboarding */ = {
			isa = PBXGroup;
			children = (
				B6BD24DA2B1199EA000179E2 /* OnboardingContainerViewController.swift */,
				B6297F0E2B13FA2A009B4D4B /* OnboardingViewController.swift */,
			);
			path = Onboarding;
			sourceTree = "<group>";
		};
		B6BE41F92B29451D004297F1 /* Header */ = {
			isa = PBXGroup;
			children = (
				B64D39682B27F65E0016586A /* AccountSummaryHeaderView.swift */,
				B64D396A2B27F6A60016586A /* AccountSummaryHeaderView.xib */,
			);
			path = Header;
			sourceTree = "<group>";
		};
		B6BE41FA2B294534004297F1 /* Cells */ = {
			isa = PBXGroup;
			children = (
				B6BE41FB2B294560004297F1 /* AccountSummaryCell.swift */,
			);
			path = Cells;
			sourceTree = "<group>";
		};
		B6C52CA52B215BC30039A0CF /* Utils */ = {
			isa = PBXGroup;
			children = (
				B6C52CA62B215BD30039A0CF /* LocalState.swift */,
				B6C52CA82B2164AE0039A0CF /* UIViewController+Utils.swift */,
				B6AF9F792B561104008CCE91 /* UITextField+SecureToogle.swift */,
				B632A2EB2B4E1AE40001FFA2 /* Decimal+Utils.swift */,
				B632A2ED2B4E1BCE0001FFA2 /* CurrencyFormatter.swift */,
				B6AF9F772B560EDF008CCE91 /* NSNotificationName.swift */,
			);
			path = Utils;
			sourceTree = "<group>";
		};
		B6D6A49E2B4F733D001B065C /* BankeyUnitTests */ = {
			isa = PBXGroup;
			children = (
				B6D6A4A62B4F742D001B065C /* CurrencyFormatterTest.swift */,
			);
			path = BankeyUnitTests;
			sourceTree = "<group>";
		};
/* End PBXGroup section */

/* Begin PBXNativeTarget section */
		B6747A3E2B056F7F00A77489 /* Bankey */ = {
			isa = PBXNativeTarget;
			buildConfigurationList = B6747A532B056F8100A77489 /* Build configuration list for PBXNativeTarget "Bankey" */;
			buildPhases = (
				B6747A3B2B056F7F00A77489 /* Sources */,
				B6747A3C2B056F7F00A77489 /* Frameworks */,
				B6747A3D2B056F7F00A77489 /* Resources */,
			);
			buildRules = (
			);
			dependencies = (
			);
			name = Bankey;
			productName = Bankey;
			productReference = B6747A3F2B056F7F00A77489 /* Bankey.app */;
			productType = "com.apple.product-type.application";
		};
		B6D6A49C2B4F733D001B065C /* BankeyUnitTests */ = {
			isa = PBXNativeTarget;
			buildConfigurationList = B6D6A4A52B4F733D001B065C /* Build configuration list for PBXNativeTarget "BankeyUnitTests" */;
			buildPhases = (
				B6D6A4992B4F733D001B065C /* Sources */,
				B6D6A49A2B4F733D001B065C /* Frameworks */,
				B6D6A49B2B4F733D001B065C /* Resources */,
			);
			buildRules = (
			);
			dependencies = (
				B6D6A4A22B4F733D001B065C /* PBXTargetDependency */,
			);
			name = BankeyUnitTests;
			productName = BankeyUnitTests;
			productReference = B6D6A49D2B4F733D001B065C /* BankeyUnitTests.xctest */;
			productType = "com.apple.product-type.bundle.unit-test";
		};
/* End PBXNativeTarget section */

/* Begin PBXProject section */
		B6747A372B056F7F00A77489 /* Project object */ = {
			isa = PBXProject;
			attributes = {
				BuildIndependentTargetsInParallel = 1;
				LastSwiftUpdateCheck = 1500;
				LastUpgradeCheck = 1500;
				TargetAttributes = {
					B6747A3E2B056F7F00A77489 = {
						CreatedOnToolsVersion = 15.0.1;
					};
					B6D6A49C2B4F733D001B065C = {
						CreatedOnToolsVersion = 15.0.1;
						LastSwiftMigration = 1500;
						TestTargetID = B6747A3E2B056F7F00A77489;
					};
				};
			};
			buildConfigurationList = B6747A3A2B056F7F00A77489 /* Build configuration list for PBXProject "Bankey" */;
			compatibilityVersion = "Xcode 14.0";
			developmentRegion = en;
			hasScannedForEncodings = 0;
			knownRegions = (
				en,
				Base,
			);
			mainGroup = B6747A362B056F7F00A77489;
			productRefGroup = B6747A402B056F7F00A77489 /* Products */;
			projectDirPath = "";
			projectRoot = "";
			targets = (
				B6747A3E2B056F7F00A77489 /* Bankey */,
				B6D6A49C2B4F733D001B065C /* BankeyUnitTests */,
			);
		};
/* End PBXProject section */

/* Begin PBXResourcesBuildPhase section */
		B6747A3D2B056F7F00A77489 /* Resources */ = {
			isa = PBXResourcesBuildPhase;
			buildActionMask = 2147483647;
			files = (
				B64D396B2B27F6A60016586A /* AccountSummaryHeaderView.xib in Resources */,
				B6747A4F2B056F8100A77489 /* LaunchScreen.storyboard in Resources */,
				B6747A4C2B056F8100A77489 /* Assets.xcassets in Resources */,
			);
			runOnlyForDeploymentPostprocessing = 0;
		};
		B6D6A49B2B4F733D001B065C /* Resources */ = {
			isa = PBXResourcesBuildPhase;
			buildActionMask = 2147483647;
			files = (
			);
			runOnlyForDeploymentPostprocessing = 0;
		};
/* End PBXResourcesBuildPhase section */

/* Begin PBXSourcesBuildPhase section */
		B6747A3B2B056F7F00A77489 /* Sources */ = {
			isa = PBXSourcesBuildPhase;
			buildActionMask = 2147483647;
			files = (
				B6C52CA92B2164AE0039A0CF /* UIViewController+Utils.swift in Sources */,
				B6B7FCD92B06E8AF00FC057E /* LoginView.swift in Sources */,
				B6C52CA72B215BD30039A0CF /* LocalState.swift in Sources */,
				B64D39692B27F65E0016586A /* AccountSummaryHeaderView.swift in Sources */,
				B6A9D2F92B1EAA4B0037A5DE /* DummyViewController.swift in Sources */,
				B632A2EE2B4E1BCE0001FFA2 /* CurrencyFormatter.swift in Sources */,
				B632A2EC2B4E1AE40001FFA2 /* Decimal+Utils.swift in Sources */,
				B675D6B52B5F4AC400846571 /* ShakeBellView.swift in Sources */,
				B6AF9F782B560EDF008CCE91 /* NSNotificationName.swift in Sources */,
				B6747A472B056F7F00A77489 /* LoginViewController.swift in Sources */,
				B6BE41FC2B294560004297F1 /* AccountSummaryCell.swift in Sources */,
				B6297F0F2B13FA2A009B4D4B /* OnboardingViewController.swift in Sources */,
				B6C52CAB2B21664B0039A0CF /* MainViewController.swift in Sources */,
				B6AF9F7A2B561104008CCE91 /* UITextField+SecureToogle.swift in Sources */,
				B64D39672B27F2AC0016586A /* AccountSummaryViewController.swift in Sources */,
				B6747A432B056F7F00A77489 /* AppDelegate.swift in Sources */,
				B6BD24DB2B1199EA000179E2 /* OnboardingContainerViewController.swift in Sources */,
			);
			runOnlyForDeploymentPostprocessing = 0;
		};
		B6D6A4992B4F733D001B065C /* Sources */ = {
			isa = PBXSourcesBuildPhase;
			buildActionMask = 2147483647;
			files = (
				B6D6A4A72B4F742D001B065C /* CurrencyFormatterTest.swift in Sources */,
			);
			runOnlyForDeploymentPostprocessing = 0;
		};
/* End PBXSourcesBuildPhase section */

/* Begin PBXTargetDependency section */
		B6D6A4A22B4F733D001B065C /* PBXTargetDependency */ = {
			isa = PBXTargetDependency;
			target = B6747A3E2B056F7F00A77489 /* Bankey */;
			targetProxy = B6D6A4A12B4F733D001B065C /* PBXContainerItemProxy */;
		};
/* End PBXTargetDependency section */

/* Begin PBXVariantGroup section */
		B6747A4D2B056F8100A77489 /* LaunchScreen.storyboard */ = {
			isa = PBXVariantGroup;
			children = (
				B6747A4E2B056F8100A77489 /* Base */,
			);
			name = LaunchScreen.storyboard;
			sourceTree = "<group>";
		};
/* End PBXVariantGroup section */

/* Begin XCBuildConfiguration section */
		B6747A512B056F8100A77489 /* Debug */ = {
			isa = XCBuildConfiguration;
			buildSettings = {
				ALWAYS_SEARCH_USER_PATHS = NO;
				ASSETCATALOG_COMPILER_GENERATE_SWIFT_ASSET_SYMBOL_EXTENSIONS = YES;
				CLANG_ANALYZER_NONNULL = YES;
				CLANG_ANALYZER_NUMBER_OBJECT_CONVERSION = YES_AGGRESSIVE;
				CLANG_CXX_LANGUAGE_STANDARD = "gnu++20";
				CLANG_ENABLE_MODULES = YES;
				CLANG_ENABLE_OBJC_ARC = YES;
				CLANG_ENABLE_OBJC_WEAK = YES;
				CLANG_WARN_BLOCK_CAPTURE_AUTORELEASING = YES;
				CLANG_WARN_BOOL_CONVERSION = YES;
				CLANG_WARN_COMMA = YES;
				CLANG_WARN_CONSTANT_CONVERSION = YES;
				CLANG_WARN_DEPRECATED_OBJC_IMPLEMENTATIONS = YES;
				CLANG_WARN_DIRECT_OBJC_ISA_USAGE = YES_ERROR;
				CLANG_WARN_DOCUMENTATION_COMMENTS = YES;
				CLANG_WARN_EMPTY_BODY = YES;
				CLANG_WARN_ENUM_CONVERSION = YES;
				CLANG_WARN_INFINITE_RECURSION = YES;
				CLANG_WARN_INT_CONVERSION = YES;
				CLANG_WARN_NON_LITERAL_NULL_CONVERSION = YES;
				CLANG_WARN_OBJC_IMPLICIT_RETAIN_SELF = YES;
				CLANG_WARN_OBJC_LITERAL_CONVERSION = YES;
				CLANG_WARN_OBJC_ROOT_CLASS = YES_ERROR;
				CLANG_WARN_QUOTED_INCLUDE_IN_FRAMEWORK_HEADER = YES;
				CLANG_WARN_RANGE_LOOP_ANALYSIS = YES;
				CLANG_WARN_STRICT_PROTOTYPES = YES;
				CLANG_WARN_SUSPICIOUS_MOVE = YES;
				CLANG_WARN_UNGUARDED_AVAILABILITY = YES_AGGRESSIVE;
				CLANG_WARN_UNREACHABLE_CODE = YES;
				CLANG_WARN__DUPLICATE_METHOD_MATCH = YES;
				COPY_PHASE_STRIP = NO;
				DEBUG_INFORMATION_FORMAT = dwarf;
				ENABLE_STRICT_OBJC_MSGSEND = YES;
				ENABLE_TESTABILITY = YES;
				ENABLE_USER_SCRIPT_SANDBOXING = YES;
				GCC_C_LANGUAGE_STANDARD = gnu17;
				GCC_DYNAMIC_NO_PIC = NO;
				GCC_NO_COMMON_BLOCKS = YES;
				GCC_OPTIMIZATION_LEVEL = 0;
				GCC_PREPROCESSOR_DEFINITIONS = (
					"DEBUG=1",
					"$(inherited)",
				);
				GCC_WARN_64_TO_32_BIT_CONVERSION = YES;
				GCC_WARN_ABOUT_RETURN_TYPE = YES_ERROR;
				GCC_WARN_UNDECLARED_SELECTOR = YES;
				GCC_WARN_UNINITIALIZED_AUTOS = YES_AGGRESSIVE;
				GCC_WARN_UNUSED_FUNCTION = YES;
				GCC_WARN_UNUSED_VARIABLE = YES;
				IPHONEOS_DEPLOYMENT_TARGET = 17.0;
				LOCALIZATION_PREFERS_STRING_CATALOGS = YES;
				MTL_ENABLE_DEBUG_INFO = INCLUDE_SOURCE;
				MTL_FAST_MATH = YES;
				ONLY_ACTIVE_ARCH = YES;
				SDKROOT = iphoneos;
				SWIFT_ACTIVE_COMPILATION_CONDITIONS = "DEBUG $(inherited)";
				SWIFT_OPTIMIZATION_LEVEL = "-Onone";
			};
			name = Debug;
		};
		B6747A522B056F8100A77489 /* Release */ = {
			isa = XCBuildConfiguration;
			buildSettings = {
				ALWAYS_SEARCH_USER_PATHS = NO;
				ASSETCATALOG_COMPILER_GENERATE_SWIFT_ASSET_SYMBOL_EXTENSIONS = YES;
				CLANG_ANALYZER_NONNULL = YES;
				CLANG_ANALYZER_NUMBER_OBJECT_CONVERSION = YES_AGGRESSIVE;
				CLANG_CXX_LANGUAGE_STANDARD = "gnu++20";
				CLANG_ENABLE_MODULES = YES;
				CLANG_ENABLE_OBJC_ARC = YES;
				CLANG_ENABLE_OBJC_WEAK = YES;
				CLANG_WARN_BLOCK_CAPTURE_AUTORELEASING = YES;
				CLANG_WARN_BOOL_CONVERSION = YES;
				CLANG_WARN_COMMA = YES;
				CLANG_WARN_CONSTANT_CONVERSION = YES;
				CLANG_WARN_DEPRECATED_OBJC_IMPLEMENTATIONS = YES;
				CLANG_WARN_DIRECT_OBJC_ISA_USAGE = YES_ERROR;
				CLANG_WARN_DOCUMENTATION_COMMENTS = YES;
				CLANG_WARN_EMPTY_BODY = YES;
				CLANG_WARN_ENUM_CONVERSION = YES;
				CLANG_WARN_INFINITE_RECURSION = YES;
				CLANG_WARN_INT_CONVERSION = YES;
				CLANG_WARN_NON_LITERAL_NULL_CONVERSION = YES;
				CLANG_WARN_OBJC_IMPLICIT_RETAIN_SELF = YES;
				CLANG_WARN_OBJC_LITERAL_CONVERSION = YES;
				CLANG_WARN_OBJC_ROOT_CLASS = YES_ERROR;
				CLANG_WARN_QUOTED_INCLUDE_IN_FRAMEWORK_HEADER = YES;
				CLANG_WARN_RANGE_LOOP_ANALYSIS = YES;
				CLANG_WARN_STRICT_PROTOTYPES = YES;
				CLANG_WARN_SUSPICIOUS_MOVE = YES;
				CLANG_WARN_UNGUARDED_AVAILABILITY = YES_AGGRESSIVE;
				CLANG_WARN_UNREACHABLE_CODE = YES;
				CLANG_WARN__DUPLICATE_METHOD_MATCH = YES;
				COPY_PHASE_STRIP = NO;
				DEBUG_INFORMATION_FORMAT = "dwarf-with-dsym";
				ENABLE_NS_ASSERTIONS = NO;
				ENABLE_STRICT_OBJC_MSGSEND = YES;
				ENABLE_USER_SCRIPT_SANDBOXING = YES;
				GCC_C_LANGUAGE_STANDARD = gnu17;
				GCC_NO_COMMON_BLOCKS = YES;
				GCC_WARN_64_TO_32_BIT_CONVERSION = YES;
				GCC_WARN_ABOUT_RETURN_TYPE = YES_ERROR;
				GCC_WARN_UNDECLARED_SELECTOR = YES;
				GCC_WARN_UNINITIALIZED_AUTOS = YES_AGGRESSIVE;
				GCC_WARN_UNUSED_FUNCTION = YES;
				GCC_WARN_UNUSED_VARIABLE = YES;
				IPHONEOS_DEPLOYMENT_TARGET = 17.0;
				LOCALIZATION_PREFERS_STRING_CATALOGS = YES;
				MTL_ENABLE_DEBUG_INFO = NO;
				MTL_FAST_MATH = YES;
				SDKROOT = iphoneos;
				SWIFT_COMPILATION_MODE = wholemodule;
				VALIDATE_PRODUCT = YES;
			};
			name = Release;
		};
		B6747A542B056F8100A77489 /* Debug */ = {
			isa = XCBuildConfiguration;
			buildSettings = {
				ASSETCATALOG_COMPILER_APPICON_NAME = AppIcon;
				ASSETCATALOG_COMPILER_GLOBAL_ACCENT_COLOR_NAME = AccentColor;
				CODE_SIGN_STYLE = Automatic;
				CURRENT_PROJECT_VERSION = 1;
				DEVELOPMENT_TEAM = D257767H78;
				GENERATE_INFOPLIST_FILE = YES;
				INFOPLIST_FILE = Bankey/Info.plist;
				INFOPLIST_KEY_UIApplicationSupportsIndirectInputEvents = YES;
				INFOPLIST_KEY_UILaunchStoryboardName = LaunchScreen;
				INFOPLIST_KEY_UISupportedInterfaceOrientations_iPad = "UIInterfaceOrientationPortrait UIInterfaceOrientationPortraitUpsideDown UIInterfaceOrientationLandscapeLeft UIInterfaceOrientationLandscapeRight";
				INFOPLIST_KEY_UISupportedInterfaceOrientations_iPhone = "UIInterfaceOrientationPortrait UIInterfaceOrientationLandscapeLeft UIInterfaceOrientationLandscapeRight";
				LD_RUNPATH_SEARCH_PATHS = (
					"$(inherited)",
					"@executable_path/Frameworks",
				);
				MARKETING_VERSION = 1.0;
				PRODUCT_BUNDLE_IDENTIFIER = com.bruno.Bankey;
				PRODUCT_NAME = "$(TARGET_NAME)";
				SWIFT_EMIT_LOC_STRINGS = YES;
				SWIFT_VERSION = 5.0;
				TARGETED_DEVICE_FAMILY = "1,2";
			};
			name = Debug;
		};
		B6747A552B056F8100A77489 /* Release */ = {
			isa = XCBuildConfiguration;
			buildSettings = {
				ASSETCATALOG_COMPILER_APPICON_NAME = AppIcon;
				ASSETCATALOG_COMPILER_GLOBAL_ACCENT_COLOR_NAME = AccentColor;
				CODE_SIGN_STYLE = Automatic;
				CURRENT_PROJECT_VERSION = 1;
				DEVELOPMENT_TEAM = D257767H78;
				GENERATE_INFOPLIST_FILE = YES;
				INFOPLIST_FILE = Bankey/Info.plist;
				INFOPLIST_KEY_UIApplicationSupportsIndirectInputEvents = YES;
				INFOPLIST_KEY_UILaunchStoryboardName = LaunchScreen;
				INFOPLIST_KEY_UISupportedInterfaceOrientations_iPad = "UIInterfaceOrientationPortrait UIInterfaceOrientationPortraitUpsideDown UIInterfaceOrientationLandscapeLeft UIInterfaceOrientationLandscapeRight";
				INFOPLIST_KEY_UISupportedInterfaceOrientations_iPhone = "UIInterfaceOrientationPortrait UIInterfaceOrientationLandscapeLeft UIInterfaceOrientationLandscapeRight";
				LD_RUNPATH_SEARCH_PATHS = (
					"$(inherited)",
					"@executable_path/Frameworks",
				);
				MARKETING_VERSION = 1.0;
				PRODUCT_BUNDLE_IDENTIFIER = com.bruno.Bankey;
				PRODUCT_NAME = "$(TARGET_NAME)";
				SWIFT_EMIT_LOC_STRINGS = YES;
				SWIFT_VERSION = 5.0;
				TARGETED_DEVICE_FAMILY = "1,2";
			};
			name = Release;
		};
		B6D6A4A32B4F733D001B065C /* Debug */ = {
			isa = XCBuildConfiguration;
			buildSettings = {
				BUNDLE_LOADER = "$(TEST_HOST)";
				CLANG_ENABLE_MODULES = YES;
				CODE_SIGN_STYLE = Automatic;
				CURRENT_PROJECT_VERSION = 1;
				DEVELOPMENT_TEAM = D257767H78;
				GENERATE_INFOPLIST_FILE = YES;
				MARKETING_VERSION = 1.0;
				PRODUCT_BUNDLE_IDENTIFIER = com.bruno.BankeyUnitTests;
				PRODUCT_NAME = "$(TARGET_NAME)";
				SWIFT_EMIT_LOC_STRINGS = NO;
				SWIFT_OPTIMIZATION_LEVEL = "-Onone";
				SWIFT_VERSION = 5.0;
				TARGETED_DEVICE_FAMILY = "1,2";
				TEST_HOST = "$(BUILT_PRODUCTS_DIR)/Bankey.app/$(BUNDLE_EXECUTABLE_FOLDER_PATH)/Bankey";
			};
			name = Debug;
		};
		B6D6A4A42B4F733D001B065C /* Release */ = {
			isa = XCBuildConfiguration;
			buildSettings = {
				BUNDLE_LOADER = "$(TEST_HOST)";
				CLANG_ENABLE_MODULES = YES;
				CODE_SIGN_STYLE = Automatic;
				CURRENT_PROJECT_VERSION = 1;
				DEVELOPMENT_TEAM = D257767H78;
				GENERATE_INFOPLIST_FILE = YES;
				MARKETING_VERSION = 1.0;
				PRODUCT_BUNDLE_IDENTIFIER = com.bruno.BankeyUnitTests;
				PRODUCT_NAME = "$(TARGET_NAME)";
				SWIFT_EMIT_LOC_STRINGS = NO;
				SWIFT_VERSION = 5.0;
				TARGETED_DEVICE_FAMILY = "1,2";
				TEST_HOST = "$(BUILT_PRODUCTS_DIR)/Bankey.app/$(BUNDLE_EXECUTABLE_FOLDER_PATH)/Bankey";
			};
			name = Release;
		};
/* End XCBuildConfiguration section */

/* Begin XCConfigurationList section */
		B6747A3A2B056F7F00A77489 /* Build configuration list for PBXProject "Bankey" */ = {
			isa = XCConfigurationList;
			buildConfigurations = (
				B6747A512B056F8100A77489 /* Debug */,
				B6747A522B056F8100A77489 /* Release */,
			);
			defaultConfigurationIsVisible = 0;
			defaultConfigurationName = Release;
		};
		B6747A532B056F8100A77489 /* Build configuration list for PBXNativeTarget "Bankey" */ = {
			isa = XCConfigurationList;
			buildConfigurations = (
				B6747A542B056F8100A77489 /* Debug */,
				B6747A552B056F8100A77489 /* Release */,
			);
			defaultConfigurationIsVisible = 0;
			defaultConfigurationName = Release;
		};
		B6D6A4A52B4F733D001B065C /* Build configuration list for PBXNativeTarget "BankeyUnitTests" */ = {
			isa = XCConfigurationList;
			buildConfigurations = (
				B6D6A4A32B4F733D001B065C /* Debug */,
				B6D6A4A42B4F733D001B065C /* Release */,
			);
			defaultConfigurationIsVisible = 0;
			defaultConfigurationName = Release;
		};
/* End XCConfigurationList section */
	};
	rootObject = B6747A372B056F7F00A77489 /* Project object */;
}
